// !$*UTF8*$!
{
	archiveVersion = 1;
	classes = {
	};
	objectVersion = 56;
	objects = {

/* Begin PBXBuildFile section */
		324F152D2B90D2140019860E /* CentralizedDependenciesApp.swift in Sources */ = {isa = PBXBuildFile; fileRef = 324F152C2B90D2140019860E /* CentralizedDependenciesApp.swift */; };
		324F152F2B90D2140019860E /* PokemonsScreen.swift in Sources */ = {isa = PBXBuildFile; fileRef = 324F152E2B90D2140019860E /* PokemonsScreen.swift */; };
		324F15312B90D2150019860E /* Assets.xcassets in Resources */ = {isa = PBXBuildFile; fileRef = 324F15302B90D2150019860E /* Assets.xcassets */; };
		324F15342B90D2150019860E /* Preview Assets.xcassets in Resources */ = {isa = PBXBuildFile; fileRef = 324F15332B90D2150019860E /* Preview Assets.xcassets */; };
		324F153E2B90D2150019860E /* PokemonsViewModelTests.swift in Sources */ = {isa = PBXBuildFile; fileRef = 324F153D2B90D2150019860E /* PokemonsViewModelTests.swift */; };
		32EA87602B90D29600FF6CED /* World.swift in Sources */ = {isa = PBXBuildFile; fileRef = 32EA875F2B90D29600FF6CED /* World.swift */; };
		32EA87622B90D53700FF6CED /* PokemonsViewModel.swift in Sources */ = {isa = PBXBuildFile; fileRef = 32EA87612B90D53700FF6CED /* PokemonsViewModel.swift */; };
		32EA87642B90D9DE00FF6CED /* PokemonsAPI.swift in Sources */ = {isa = PBXBuildFile; fileRef = 32EA87632B90D9DE00FF6CED /* PokemonsAPI.swift */; };
		32EA87662B90DA6B00FF6CED /* DateViewModel.swift in Sources */ = {isa = PBXBuildFile; fileRef = 32EA87652B90DA6B00FF6CED /* DateViewModel.swift */; };
		32EA87682B90DA9600FF6CED /* DateViewModelTests.swift in Sources */ = {isa = PBXBuildFile; fileRef = 32EA87672B90DA9600FF6CED /* DateViewModelTests.swift */; };
		32EA876A2B90DCD500FF6CED /* README.md in Resources */ = {isa = PBXBuildFile; fileRef = 32EA87692B90DCD500FF6CED /* README.md */; };
/* End PBXBuildFile section */

/* Begin PBXContainerItemProxy section */
		324F153A2B90D2150019860E /* PBXContainerItemProxy */ = {
			isa = PBXContainerItemProxy;
			containerPortal = 324F15212B90D2140019860E /* Project object */;
			proxyType = 1;
			remoteGlobalIDString = 324F15282B90D2140019860E;
			remoteInfo = CentralizedDependencies;
		};
/* End PBXContainerItemProxy section */

/* Begin PBXFileReference section */
		324F15292B90D2140019860E /* CentralizedDependencies.app */ = {isa = PBXFileReference; explicitFileType = wrapper.application; includeInIndex = 0; path = CentralizedDependencies.app; sourceTree = BUILT_PRODUCTS_DIR; };
		324F152C2B90D2140019860E /* CentralizedDependenciesApp.swift */ = {isa = PBXFileReference; lastKnownFileType = sourcecode.swift; path = CentralizedDependenciesApp.swift; sourceTree = "<group>"; };
		324F152E2B90D2140019860E /* PokemonsScreen.swift */ = {isa = PBXFileReference; lastKnownFileType = sourcecode.swift; path = PokemonsScreen.swift; sourceTree = "<group>"; };
		324F15302B90D2150019860E /* Assets.xcassets */ = {isa = PBXFileReference; lastKnownFileType = folder.assetcatalog; path = Assets.xcassets; sourceTree = "<group>"; };
		324F15332B90D2150019860E /* Preview Assets.xcassets */ = {isa = PBXFileReference; lastKnownFileType = folder.assetcatalog; path = "Preview Assets.xcassets"; sourceTree = "<group>"; };
		324F15392B90D2150019860E /* CentralizedDependenciesTests.xctest */ = {isa = PBXFileReference; explicitFileType = wrapper.cfbundle; includeInIndex = 0; path = CentralizedDependenciesTests.xctest; sourceTree = BUILT_PRODUCTS_DIR; };
		324F153D2B90D2150019860E /* PokemonsViewModelTests.swift */ = {isa = PBXFileReference; lastKnownFileType = sourcecode.swift; path = PokemonsViewModelTests.swift; sourceTree = "<group>"; };
		324F15562B90D22E0019860E /* CentralizedDependencies.xctestplan */ = {isa = PBXFileReference; lastKnownFileType = text; path = CentralizedDependencies.xctestplan; sourceTree = "<group>"; };
		32EA875F2B90D29600FF6CED /* World.swift */ = {isa = PBXFileReference; lastKnownFileType = sourcecode.swift; path = World.swift; sourceTree = "<group>"; };
		32EA87612B90D53700FF6CED /* PokemonsViewModel.swift */ = {isa = PBXFileReference; lastKnownFileType = sourcecode.swift; path = PokemonsViewModel.swift; sourceTree = "<group>"; };
		32EA87632B90D9DE00FF6CED /* PokemonsAPI.swift */ = {isa = PBXFileReference; lastKnownFileType = sourcecode.swift; path = PokemonsAPI.swift; sourceTree = "<group>"; };
		32EA87652B90DA6B00FF6CED /* DateViewModel.swift */ = {isa = PBXFileReference; lastKnownFileType = sourcecode.swift; path = DateViewModel.swift; sourceTree = "<group>"; };
		32EA87672B90DA9600FF6CED /* DateViewModelTests.swift */ = {isa = PBXFileReference; lastKnownFileType = sourcecode.swift; path = DateViewModelTests.swift; sourceTree = "<group>"; };
		32EA87692B90DCD500FF6CED /* README.md */ = {isa = PBXFileReference; fileEncoding = 4; lastKnownFileType = net.daringfireball.markdown; path = README.md; sourceTree = "<group>"; };
/* End PBXFileReference section */

/* Begin PBXFrameworksBuildPhase section */
		324F15262B90D2140019860E /* Frameworks */ = {
			isa = PBXFrameworksBuildPhase;
			buildActionMask = 2147483647;
			files = (
			);
			runOnlyForDeploymentPostprocessing = 0;
		};
		324F15362B90D2150019860E /* Frameworks */ = {
			isa = PBXFrameworksBuildPhase;
			buildActionMask = 2147483647;
			files = (
			);
			runOnlyForDeploymentPostprocessing = 0;
		};
/* End PBXFrameworksBuildPhase section */

/* Begin PBXGroup section */
		324F15202B90D2140019860E = {
			isa = PBXGroup;
			children = (
				32EA87692B90DCD500FF6CED /* README.md */,
				324F15562B90D22E0019860E /* CentralizedDependencies.xctestplan */,
				324F152B2B90D2140019860E /* CentralizedDependencies */,
				324F153C2B90D2150019860E /* CentralizedDependenciesTests */,
				324F152A2B90D2140019860E /* Products */,
			);
			sourceTree = "<group>";
		};
		324F152A2B90D2140019860E /* Products */ = {
			isa = PBXGroup;
			children = (
				324F15292B90D2140019860E /* CentralizedDependencies.app */,
				324F15392B90D2150019860E /* CentralizedDependenciesTests.xctest */,
			);
			name = Products;
			sourceTree = "<group>";
		};
		324F152B2B90D2140019860E /* CentralizedDependencies */ = {
			isa = PBXGroup;
			children = (
				324F152C2B90D2140019860E /* CentralizedDependenciesApp.swift */,
				324F152E2B90D2140019860E /* PokemonsScreen.swift */,
				324F15302B90D2150019860E /* Assets.xcassets */,
				324F15322B90D2150019860E /* Preview Content */,
				32EA875F2B90D29600FF6CED /* World.swift */,
				32EA87612B90D53700FF6CED /* PokemonsViewModel.swift */,
				32EA87632B90D9DE00FF6CED /* PokemonsAPI.swift */,
				32EA87652B90DA6B00FF6CED /* DateViewModel.swift */,
			);
			path = CentralizedDependencies;
			sourceTree = "<group>";
		};
		324F15322B90D2150019860E /* Preview Content */ = {
			isa = PBXGroup;
			children = (
				324F15332B90D2150019860E /* Preview Assets.xcassets */,
			);
			path = "Preview Content";
			sourceTree = "<group>";
		};
		324F153C2B90D2150019860E /* CentralizedDependenciesTests */ = {
			isa = PBXGroup;
			children = (
				324F153D2B90D2150019860E /* PokemonsViewModelTests.swift */,
				32EA87672B90DA9600FF6CED /* DateViewModelTests.swift */,
			);
			path = CentralizedDependenciesTests;
			sourceTree = "<group>";
		};
/* End PBXGroup section */

/* Begin PBXNativeTarget section */
		324F15282B90D2140019860E /* CentralizedDependencies */ = {
			isa = PBXNativeTarget;
			buildConfigurationList = 324F154D2B90D2150019860E /* Build configuration list for PBXNativeTarget "CentralizedDependencies" */;
			buildPhases = (
				324F15252B90D2140019860E /* Sources */,
				324F15262B90D2140019860E /* Frameworks */,
				324F15272B90D2140019860E /* Resources */,
			);
			buildRules = (
			);
			dependencies = (
			);
			name = CentralizedDependencies;
			productName = CentralizedDependencies;
			productReference = 324F15292B90D2140019860E /* CentralizedDependencies.app */;
			productType = "com.apple.product-type.application";
		};
		324F15382B90D2150019860E /* CentralizedDependenciesTests */ = {
			isa = PBXNativeTarget;
			buildConfigurationList = 324F15502B90D2150019860E /* Build configuration list for PBXNativeTarget "CentralizedDependenciesTests" */;
			buildPhases = (
				324F15352B90D2150019860E /* Sources */,
				324F15362B90D2150019860E /* Frameworks */,
				324F15372B90D2150019860E /* Resources */,
			);
			buildRules = (
			);
			dependencies = (
				324F153B2B90D2150019860E /* PBXTargetDependency */,
			);
			name = CentralizedDependenciesTests;
			productName = CentralizedDependenciesTests;
			productReference = 324F15392B90D2150019860E /* CentralizedDependenciesTests.xctest */;
			productType = "com.apple.product-type.bundle.unit-test";
		};
/* End PBXNativeTarget section */

/* Begin PBXProject section */
		324F15212B90D2140019860E /* Project object */ = {
			isa = PBXProject;
			attributes = {
				BuildIndependentTargetsInParallel = 1;
				LastSwiftUpdateCheck = 1500;
				LastUpgradeCheck = 1500;
				TargetAttributes = {
					324F15282B90D2140019860E = {
						CreatedOnToolsVersion = 15.0.1;
					};
					324F15382B90D2150019860E = {
						CreatedOnToolsVersion = 15.0.1;
						TestTargetID = 324F15282B90D2140019860E;
					};
				};
			};
			buildConfigurationList = 324F15242B90D2140019860E /* Build configuration list for PBXProject "CentralizedDependencies" */;
			compatibilityVersion = "Xcode 14.0";
			developmentRegion = en;
			hasScannedForEncodings = 0;
			knownRegions = (
				en,
				Base,
			);
			mainGroup = 324F15202B90D2140019860E;
			productRefGroup = 324F152A2B90D2140019860E /* Products */;
			projectDirPath = "";
			projectRoot = "";
			targets = (
				324F15282B90D2140019860E /* CentralizedDependencies */,
				324F15382B90D2150019860E /* CentralizedDependenciesTests */,
			);
		};
/* End PBXProject section */

/* Begin PBXResourcesBuildPhase section */
		324F15272B90D2140019860E /* Resources */ = {
			isa = PBXResourcesBuildPhase;
			buildActionMask = 2147483647;
			files = (
				324F15342B90D2150019860E /* Preview Assets.xcassets in Resources */,
				324F15312B90D2150019860E /* Assets.xcassets in Resources */,
			);
			runOnlyForDeploymentPostprocessing = 0;
		};
		324F15372B90D2150019860E /* Resources */ = {
			isa = PBXResourcesBuildPhase;
			buildActionMask = 2147483647;
			files = (
				32EA876A2B90DCD500FF6CED /* README.md in Resources */,
			);
			runOnlyForDeploymentPostprocessing = 0;
		};
/* End PBXResourcesBuildPhase section */

/* Begin PBXSourcesBuildPhase section */
		324F15252B90D2140019860E /* Sources */ = {
			isa = PBXSourcesBuildPhase;
			buildActionMask = 2147483647;
			files = (
				32EA87662B90DA6B00FF6CED /* DateViewModel.swift in Sources */,
				32EA87602B90D29600FF6CED /* World.swift in Sources */,
				324F152F2B90D2140019860E /* PokemonsScreen.swift in Sources */,
				32EA87622B90D53700FF6CED /* PokemonsViewModel.swift in Sources */,
				32EA87642B90D9DE00FF6CED /* PokemonsAPI.swift in Sources */,
				324F152D2B90D2140019860E /* CentralizedDependenciesApp.swift in Sources */,
			);
			runOnlyForDeploymentPostprocessing = 0;
		};
		324F15352B90D2150019860E /* Sources */ = {
			isa = PBXSourcesBuildPhase;
			buildActionMask = 2147483647;
			files = (
				32EA87682B90DA9600FF6CED /* DateViewModelTests.swift in Sources */,
				324F153E2B90D2150019860E /* PokemonsViewModelTests.swift in Sources */,
			);
			runOnlyForDeploymentPostprocessing = 0;
		};
/* End PBXSourcesBuildPhase section */

/* Begin PBXTargetDependency section */
		324F153B2B90D2150019860E /* PBXTargetDependency */ = {
			isa = PBXTargetDependency;
			target = 324F15282B90D2140019860E /* CentralizedDependencies */;
			targetProxy = 324F153A2B90D2150019860E /* PBXContainerItemProxy */;
		};
/* End PBXTargetDependency section */

/* Begin XCBuildConfiguration section */
		324F154B2B90D2150019860E /* Debug */ = {
			isa = XCBuildConfiguration;
			buildSettings = {
				ALWAYS_SEARCH_USER_PATHS = NO;
				ASSETCATALOG_COMPILER_GENERATE_SWIFT_ASSET_SYMBOL_EXTENSIONS = YES;
				CLANG_ANALYZER_NONNULL = YES;
				CLANG_ANALYZER_NUMBER_OBJECT_CONVERSION = YES_AGGRESSIVE;
				CLANG_CXX_LANGUAGE_STANDARD = "gnu++20";
				CLANG_ENABLE_MODULES = YES;
				CLANG_ENABLE_OBJC_ARC = YES;
				CLANG_ENABLE_OBJC_WEAK = YES;
				CLANG_WARN_BLOCK_CAPTURE_AUTORELEASING = YES;
				CLANG_WARN_BOOL_CONVERSION = YES;
				CLANG_WARN_COMMA = YES;
				CLANG_WARN_CONSTANT_CONVERSION = YES;
				CLANG_WARN_DEPRECATED_OBJC_IMPLEMENTATIONS = YES;
				CLANG_WARN_DIRECT_OBJC_ISA_USAGE = YES_ERROR;
				CLANG_WARN_DOCUMENTATION_COMMENTS = YES;
				CLANG_WARN_EMPTY_BODY = YES;
				CLANG_WARN_ENUM_CONVERSION = YES;
				CLANG_WARN_INFINITE_RECURSION = YES;
				CLANG_WARN_INT_CONVERSION = YES;
				CLANG_WARN_NON_LITERAL_NULL_CONVERSION = YES;
				CLANG_WARN_OBJC_IMPLICIT_RETAIN_SELF = YES;
				CLANG_WARN_OBJC_LITERAL_CONVERSION = YES;
				CLANG_WARN_OBJC_ROOT_CLASS = YES_ERROR;
				CLANG_WARN_QUOTED_INCLUDE_IN_FRAMEWORK_HEADER = YES;
				CLANG_WARN_RANGE_LOOP_ANALYSIS = YES;
				CLANG_WARN_STRICT_PROTOTYPES = YES;
				CLANG_WARN_SUSPICIOUS_MOVE = YES;
				CLANG_WARN_UNGUARDED_AVAILABILITY = YES_AGGRESSIVE;
				CLANG_WARN_UNREACHABLE_CODE = YES;
				CLANG_WARN__DUPLICATE_METHOD_MATCH = YES;
				COPY_PHASE_STRIP = NO;
				DEBUG_INFORMATION_FORMAT = dwarf;
				ENABLE_STRICT_OBJC_MSGSEND = YES;
				ENABLE_TESTABILITY = YES;
				ENABLE_USER_SCRIPT_SANDBOXING = YES;
				GCC_C_LANGUAGE_STANDARD = gnu17;
				GCC_DYNAMIC_NO_PIC = NO;
				GCC_NO_COMMON_BLOCKS = YES;
				GCC_OPTIMIZATION_LEVEL = 0;
				GCC_PREPROCESSOR_DEFINITIONS = (
					"DEBUG=1",
					"$(inherited)",
				);
				GCC_WARN_64_TO_32_BIT_CONVERSION = YES;
				GCC_WARN_ABOUT_RETURN_TYPE = YES_ERROR;
				GCC_WARN_UNDECLARED_SELECTOR = YES;
				GCC_WARN_UNINITIALIZED_AUTOS = YES_AGGRESSIVE;
				GCC_WARN_UNUSED_FUNCTION = YES;
				GCC_WARN_UNUSED_VARIABLE = YES;
				IPHONEOS_DEPLOYMENT_TARGET = 17.0;
				LOCALIZATION_PREFERS_STRING_CATALOGS = YES;
				MTL_ENABLE_DEBUG_INFO = INCLUDE_SOURCE;
				MTL_FAST_MATH = YES;
				ONLY_ACTIVE_ARCH = YES;
				SDKROOT = iphoneos;
				SWIFT_ACTIVE_COMPILATION_CONDITIONS = "DEBUG $(inherited)";
				SWIFT_OPTIMIZATION_LEVEL = "-Onone";
			};
			name = Debug;
		};
		324F154C2B90D2150019860E /* Release */ = {
			isa = XCBuildConfiguration;
			buildSettings = {
				ALWAYS_SEARCH_USER_PATHS = NO;
				ASSETCATALOG_COMPILER_GENERATE_SWIFT_ASSET_SYMBOL_EXTENSIONS = YES;
				CLANG_ANALYZER_NONNULL = YES;
				CLANG_ANALYZER_NUMBER_OBJECT_CONVERSION = YES_AGGRESSIVE;
				CLANG_CXX_LANGUAGE_STANDARD = "gnu++20";
				CLANG_ENABLE_MODULES = YES;
				CLANG_ENABLE_OBJC_ARC = YES;
				CLANG_ENABLE_OBJC_WEAK = YES;
				CLANG_WARN_BLOCK_CAPTURE_AUTORELEASING = YES;
				CLANG_WARN_BOOL_CONVERSION = YES;
				CLANG_WARN_COMMA = YES;
				CLANG_WARN_CONSTANT_CONVERSION = YES;
				CLANG_WARN_DEPRECATED_OBJC_IMPLEMENTATIONS = YES;
				CLANG_WARN_DIRECT_OBJC_ISA_USAGE = YES_ERROR;
				CLANG_WARN_DOCUMENTATION_COMMENTS = YES;
				CLANG_WARN_EMPTY_BODY = YES;
				CLANG_WARN_ENUM_CONVERSION = YES;
				CLANG_WARN_INFINITE_RECURSION = YES;
				CLANG_WARN_INT_CONVERSION = YES;
				CLANG_WARN_NON_LITERAL_NULL_CONVERSION = YES;
				CLANG_WARN_OBJC_IMPLICIT_RETAIN_SELF = YES;
				CLANG_WARN_OBJC_LITERAL_CONVERSION = YES;
				CLANG_WARN_OBJC_ROOT_CLASS = YES_ERROR;
				CLANG_WARN_QUOTED_INCLUDE_IN_FRAMEWORK_HEADER = YES;
				CLANG_WARN_RANGE_LOOP_ANALYSIS = YES;
				CLANG_WARN_STRICT_PROTOTYPES = YES;
				CLANG_WARN_SUSPICIOUS_MOVE = YES;
				CLANG_WARN_UNGUARDED_AVAILABILITY = YES_AGGRESSIVE;
				CLANG_WARN_UNREACHABLE_CODE = YES;
				CLANG_WARN__DUPLICATE_METHOD_MATCH = YES;
				COPY_PHASE_STRIP = NO;
				DEBUG_INFORMATION_FORMAT = "dwarf-with-dsym";
				ENABLE_NS_ASSERTIONS = NO;
				ENABLE_STRICT_OBJC_MSGSEND = YES;
				ENABLE_USER_SCRIPT_SANDBOXING = YES;
				GCC_C_LANGUAGE_STANDARD = gnu17;
				GCC_NO_COMMON_BLOCKS = YES;
				GCC_WARN_64_TO_32_BIT_CONVERSION = YES;
				GCC_WARN_ABOUT_RETURN_TYPE = YES_ERROR;
				GCC_WARN_UNDECLARED_SELECTOR = YES;
				GCC_WARN_UNINITIALIZED_AUTOS = YES_AGGRESSIVE;
				GCC_WARN_UNUSED_FUNCTION = YES;
				GCC_WARN_UNUSED_VARIABLE = YES;
				IPHONEOS_DEPLOYMENT_TARGET = 17.0;
				LOCALIZATION_PREFERS_STRING_CATALOGS = YES;
				MTL_ENABLE_DEBUG_INFO = NO;
				MTL_FAST_MATH = YES;
				SDKROOT = iphoneos;
				SWIFT_COMPILATION_MODE = wholemodule;
				VALIDATE_PRODUCT = YES;
			};
			name = Release;
		};
		324F154E2B90D2150019860E /* Debug */ = {
			isa = XCBuildConfiguration;
			buildSettings = {
				ASSETCATALOG_COMPILER_APPICON_NAME = AppIcon;
				ASSETCATALOG_COMPILER_GLOBAL_ACCENT_COLOR_NAME = AccentColor;
				CODE_SIGN_STYLE = Automatic;
				CURRENT_PROJECT_VERSION = 1;
				DEVELOPMENT_ASSET_PATHS = "\"CentralizedDependencies/Preview Content\"";
				ENABLE_PREVIEWS = YES;
				GENERATE_INFOPLIST_FILE = YES;
				INFOPLIST_KEY_UIApplicationSceneManifest_Generation = YES;
				INFOPLIST_KEY_UIApplicationSupportsIndirectInputEvents = YES;
				INFOPLIST_KEY_UILaunchScreen_Generation = YES;
				INFOPLIST_KEY_UISupportedInterfaceOrientations_iPad = "UIInterfaceOrientationPortrait UIInterfaceOrientationPortraitUpsideDown UIInterfaceOrientationLandscapeLeft UIInterfaceOrientationLandscapeRight";
				INFOPLIST_KEY_UISupportedInterfaceOrientations_iPhone = "UIInterfaceOrientationPortrait UIInterfaceOrientationLandscapeLeft UIInterfaceOrientationLandscapeRight";
				LD_RUNPATH_SEARCH_PATHS = (
					"$(inherited)",
					"@executable_path/Frameworks",
				);
				MARKETING_VERSION = 1.0;
				PRODUCT_BUNDLE_IDENTIFIER = mdb.CentralizedDependencies;
				PRODUCT_NAME = "$(TARGET_NAME)";
				SWIFT_EMIT_LOC_STRINGS = YES;
				SWIFT_VERSION = 5.0;
				TARGETED_DEVICE_FAMILY = "1,2";
			};
			name = Debug;
		};
		324F154F2B90D2150019860E /* Release */ = {
			isa = XCBuildConfiguration;
			buildSettings = {
				ASSETCATALOG_COMPILER_APPICON_NAME = AppIcon;
				ASSETCATALOG_COMPILER_GLOBAL_ACCENT_COLOR_NAME = AccentColor;
				CODE_SIGN_STYLE = Automatic;
				CURRENT_PROJECT_VERSION = 1;
				DEVELOPMENT_ASSET_PATHS = "\"CentralizedDependencies/Preview Content\"";
				ENABLE_PREVIEWS = YES;
				GENERATE_INFOPLIST_FILE = YES;
				INFOPLIST_KEY_UIApplicationSceneManifest_Generation = YES;
				INFOPLIST_KEY_UIApplicationSupportsIndirectInputEvents = YES;
				INFOPLIST_KEY_UILaunchScreen_Generation = YES;
				INFOPLIST_KEY_UISupportedInterfaceOrientations_iPad = "UIInterfaceOrientationPortrait UIInterfaceOrientationPortraitUpsideDown UIInterfaceOrientationLandscapeLeft UIInterfaceOrientationLandscapeRight";
				INFOPLIST_KEY_UISupportedInterfaceOrientations_iPhone = "UIInterfaceOrientationPortrait UIInterfaceOrientationLandscapeLeft UIInterfaceOrientationLandscapeRight";
				LD_RUNPATH_SEARCH_PATHS = (
					"$(inherited)",
					"@executable_path/Frameworks",
				);
				MARKETING_VERSION = 1.0;
				PRODUCT_BUNDLE_IDENTIFIER = mdb.CentralizedDependencies;
				PRODUCT_NAME = "$(TARGET_NAME)";
				SWIFT_EMIT_LOC_STRINGS = YES;
				SWIFT_VERSION = 5.0;
				TARGETED_DEVICE_FAMILY = "1,2";
			};
			name = Release;
		};
		324F15512B90D2150019860E /* Debug */ = {
			isa = XCBuildConfiguration;
			buildSettings = {
				ALWAYS_EMBED_SWIFT_STANDARD_LIBRARIES = YES;
				BUNDLE_LOADER = "$(TEST_HOST)";
				CODE_SIGN_STYLE = Automatic;
				CURRENT_PROJECT_VERSION = 1;
				GENERATE_INFOPLIST_FILE = YES;
				IPHONEOS_DEPLOYMENT_TARGET = 17.0;
				MARKETING_VERSION = 1.0;
				PRODUCT_BUNDLE_IDENTIFIER = mdb.CentralizedDependenciesTests;
				PRODUCT_NAME = "$(TARGET_NAME)";
				SWIFT_EMIT_LOC_STRINGS = NO;
				SWIFT_VERSION = 5.0;
				TARGETED_DEVICE_FAMILY = "1,2";
				TEST_HOST = "$(BUILT_PRODUCTS_DIR)/CentralizedDependencies.app/$(BUNDLE_EXECUTABLE_FOLDER_PATH)/CentralizedDependencies";
			};
			name = Debug;
		};
		324F15522B90D2150019860E /* Release */ = {
			isa = XCBuildConfiguration;
			buildSettings = {
				ALWAYS_EMBED_SWIFT_STANDARD_LIBRARIES = YES;
				BUNDLE_LOADER = "$(TEST_HOST)";
				CODE_SIGN_STYLE = Automatic;
				CURRENT_PROJECT_VERSION = 1;
				GENERATE_INFOPLIST_FILE = YES;
				IPHONEOS_DEPLOYMENT_TARGET = 17.0;
				MARKETING_VERSION = 1.0;
				PRODUCT_BUNDLE_IDENTIFIER = mdb.CentralizedDependenciesTests;
				PRODUCT_NAME = "$(TARGET_NAME)";
				SWIFT_EMIT_LOC_STRINGS = NO;
				SWIFT_VERSION = 5.0;
				TARGETED_DEVICE_FAMILY = "1,2";
				TEST_HOST = "$(BUILT_PRODUCTS_DIR)/CentralizedDependencies.app/$(BUNDLE_EXECUTABLE_FOLDER_PATH)/CentralizedDependencies";
			};
			name = Release;
		};
/* End XCBuildConfiguration section */

/* Begin XCConfigurationList section */
		324F15242B90D2140019860E /* Build configuration list for PBXProject "CentralizedDependencies" */ = {
			isa = XCConfigurationList;
			buildConfigurations = (
				324F154B2B90D2150019860E /* Debug */,
				324F154C2B90D2150019860E /* Release */,
			);
			defaultConfigurationIsVisible = 0;
			defaultConfigurationName = Release;
		};
		324F154D2B90D2150019860E /* Build configuration list for PBXNativeTarget "CentralizedDependencies" */ = {
			isa = XCConfigurationList;
			buildConfigurations = (
				324F154E2B90D2150019860E /* Debug */,
				324F154F2B90D2150019860E /* Release */,
			);
			defaultConfigurationIsVisible = 0;
			defaultConfigurationName = Release;
		};
		324F15502B90D2150019860E /* Build configuration list for PBXNativeTarget "CentralizedDependenciesTests" */ = {
			isa = XCConfigurationList;
			buildConfigurations = (
				324F15512B90D2150019860E /* Debug */,
				324F15522B90D2150019860E /* Release */,
			);
			defaultConfigurationIsVisible = 0;
			defaultConfigurationName = Release;
		};
/* End XCConfigurationList section */
	};
	rootObject = 324F15212B90D2140019860E /* Project object */;
}
